
Microsoft Visual Studio Solution File, Format Version 11.00
# Visual Studio 2010
Project("{FAE04EC0-301F-11D3-BF4B-00C04F79EFBC}") = "The Tower", "Assembly-CSharp.csproj", "{DC075B10-458A-08F1-0D90-F444AD08063E}"
EndProject
Project("{FAE04EC0-301F-11D3-BF4B-00C04F79EFBC}") = "The Tower", "Assembly-CSharp-Editor.csproj", "{C19C434F-2D50-7643-AA82-251A59BBBBE6}"
EndProject
Global
	GlobalSection(SolutionConfigurationPlatforms) = preSolution
		Debug|Any CPU = Debug|Any CPU
		Release|Any CPU = Release|Any CPU
	EndGlobalSection
	GlobalSection(ProjectConfigurationPlatforms) = postSolution
		{DC075B10-458A-08F1-0D90-F444AD08063E}.Debug|Any CPU.ActiveCfg = Debug|Any CPU
		{DC075B10-458A-08F1-0D90-F444AD08063E}.Debug|Any CPU.Build.0 = Debug|Any CPU
		{DC075B10-458A-08F1-0D90-F444AD08063E}.Release|Any CPU.ActiveCfg = Release|Any CPU
		{DC075B10-458A-08F1-0D90-F444AD08063E}.Release|Any CPU.Build.0 = Release|Any CPU
		{C19C434F-2D50-7643-AA82-251A59BBBBE6}.Debug|Any CPU.ActiveCfg = Debug|Any CPU
		{C19C434F-2D50-7643-AA82-251A59BBBBE6}.Debug|Any CPU.Build.0 = Debug|Any CPU
		{C19C434F-2D50-7643-AA82-251A59BBBBE6}.Release|Any CPU.ActiveCfg = Release|Any CPU
		{C19C434F-2D50-7643-AA82-251A59BBBBE6}.Release|Any CPU.Build.0 = Release|Any CPU
	EndGlobalSection
	GlobalSection(SolutionProperties) = preSolution
		HideSolutionNode = FALSE
	EndGlobalSection
	GlobalSection(MonoDevelopProperties) = preSolution
		StartupItem = Assembly-CSharp.csproj
	EndGlobalSection
EndGlobal
